<?xml version="1.0" encoding="utf-8"?>
<Project ToolsVersion="4.0" xmlns="http://schemas.microsoft.com/developer/msbuild/2003">
  <ItemGroup>
    <ClCompile Include="Animation.cpp">
      <Filter>소스 파일</Filter>
    </ClCompile>
    <ClCompile Include="Animator.cpp">
      <Filter>소스 파일</Filter>
    </ClCompile>
    <ClCompile Include="Face.cpp">
      <Filter>소스 파일</Filter>
    </ClCompile>
    <ClCompile Include="Joint.cpp">
      <Filter>소스 파일</Filter>
    </ClCompile>
    <ClCompile Include="JointTransform.cpp">
      <Filter>소스 파일</Filter>
    </ClCompile>
    <ClCompile Include="KeyFrame.cpp">
      <Filter>소스 파일</Filter>
    </ClCompile>
    <ClCompile Include="main.cpp">
      <Filter>소스 파일</Filter>
    </ClCompile>
    <ClCompile Include="Material.cpp">
      <Filter>소스 파일</Filter>
    </ClCompile>
    <ClCompile Include="Matrix4f.cpp">
      <Filter>소스 파일</Filter>
    </ClCompile>
    <ClCompile Include="OBJ.cpp">
      <Filter>소스 파일</Filter>
    </ClCompile>
    <ClCompile Include="Quaternion.cpp">
      <Filter>소스 파일</Filter>
    </ClCompile>
    <ClCompile Include="Texture.cpp">
      <Filter>소스 파일</Filter>
    </ClCompile>
    <ClCompile Include="Vector2f.cpp">
      <Filter>소스 파일</Filter>
    </ClCompile>
    <ClCompile Include="Vector3f.cpp">
      <Filter>소스 파일</Filter>
    </ClCompile>
    <ClCompile Include="calc.cpp">
      <Filter>소스 파일</Filter>
    </ClCompile>
    <ClCompile Include="Ball.cpp">
      <Filter>소스 파일</Filter>
    </ClCompile>
    <ClCompile Include="random.cpp">
      <Filter>소스 파일</Filter>
    </ClCompile>
  </ItemGroup>
  <ItemGroup>
    <ClInclude Include="Animation.h">
      <Filter>헤더 파일</Filter>
    </ClInclude>
    <ClInclude Include="Animator.h">
      <Filter>헤더 파일</Filter>
    </ClInclude>
    <ClInclude Include="Face.h">
      <Filter>헤더 파일</Filter>
    </ClInclude>
    <ClInclude Include="Joint.h">
      <Filter>헤더 파일</Filter>
    </ClInclude>
    <ClInclude Include="JointTransform.h">
      <Filter>헤더 파일</Filter>
    </ClInclude>
    <ClInclude Include="KeyFrame.h">
      <Filter>헤더 파일</Filter>
    </ClInclude>
    <ClInclude Include="Material.h">
      <Filter>헤더 파일</Filter>
    </ClInclude>
    <ClInclude Include="Matrix4f.h">
      <Filter>헤더 파일</Filter>
    </ClInclude>
    <ClInclude Include="OBJ.h">
      <Filter>헤더 파일</Filter>
    </ClInclude>
    <ClInclude Include="Quaternion.h">
      <Filter>헤더 파일</Filter>
    </ClInclude>
    <ClInclude Include="Texture.h">
      <Filter>헤더 파일</Filter>
    </ClInclude>
    <ClInclude Include="Vector2f.h">
      <Filter>헤더 파일</Filter>
    </ClInclude>
    <ClInclude Include="Vector3f.h">
      <Filter>헤더 파일</Filter>
    </ClInclude>
    <ClInclude Include="Ball.h">
      <Filter>헤더 파일</Filter>
    </ClInclude>
    <ClInclude Include="calc.h">
      <Filter>헤더 파일</Filter>
    </ClInclude>
    <ClInclude Include="others.h">
      <Filter>헤더 파일</Filter>
    </ClInclude>
    <ClInclude Include="random.h">
      <Filter>헤더 파일</Filter>
    </ClInclude>
  </ItemGroup>
  <ItemGroup>
    <Filter Include="헤더 파일">
      <UniqueIdentifier>{db98557c-6071-4245-a57c-49f1fa71f5ce}</UniqueIdentifier>
    </Filter>
    <Filter Include="소스 파일">
      <UniqueIdentifier>{f8c735c3-85be-4aca-941a-7dff89e7ac7e}</UniqueIdentifier>
    </Filter>
  </ItemGroup>
</Project>